// !$*UTF8*$!
{
	archiveVersion = 1;
	classes = {
	};
	objectVersion = 46;
	objects = {

/* Begin PBXBuildFile section */
		218F8F7F1C190C5400F6730B /* JMFutballViewController.swift in Sources */ = {isa = PBXBuildFile; fileRef = 218F8F7E1C190C5400F6730B /* JMFutballViewController.swift */; };
		218F8F811C190C9E00F6730B /* JMLabirinthViewController.swift in Sources */ = {isa = PBXBuildFile; fileRef = 218F8F801C190C9E00F6730B /* JMLabirinthViewController.swift */; };
		218F8F831C190CB500F6730B /* JMDetectiveViewController.swift in Sources */ = {isa = PBXBuildFile; fileRef = 218F8F821C190CB500F6730B /* JMDetectiveViewController.swift */; };
		2198DC611C18FE0F0043E9E3 /* AppDelegate.swift in Sources */ = {isa = PBXBuildFile; fileRef = 2198DC601C18FE0F0043E9E3 /* AppDelegate.swift */; };
		2198DC631C18FE0F0043E9E3 /* ViewController.swift in Sources */ = {isa = PBXBuildFile; fileRef = 2198DC621C18FE0F0043E9E3 /* ViewController.swift */; };
		2198DC661C18FE0F0043E9E3 /* Main.storyboard in Resources */ = {isa = PBXBuildFile; fileRef = 2198DC641C18FE0F0043E9E3 /* Main.storyboard */; };
		2198DC691C18FE0F0043E9E3 /* JogaMaisUm.xcdatamodeld in Sources */ = {isa = PBXBuildFile; fileRef = 2198DC671C18FE0F0043E9E3 /* JogaMaisUm.xcdatamodeld */; };
		2198DC6B1C18FE0F0043E9E3 /* Assets.xcassets in Resources */ = {isa = PBXBuildFile; fileRef = 2198DC6A1C18FE0F0043E9E3 /* Assets.xcassets */; };
		2198DC6E1C18FE0F0043E9E3 /* LaunchScreen.storyboard in Resources */ = {isa = PBXBuildFile; fileRef = 2198DC6C1C18FE0F0043E9E3 /* LaunchScreen.storyboard */; };
		2198DC791C18FE100043E9E3 /* JogaMaisUmTests.swift in Sources */ = {isa = PBXBuildFile; fileRef = 2198DC781C18FE100043E9E3 /* JogaMaisUmTests.swift */; };
		2198DC841C18FE100043E9E3 /* JogaMaisUmUITests.swift in Sources */ = {isa = PBXBuildFile; fileRef = 2198DC831C18FE100043E9E3 /* JogaMaisUmUITests.swift */; };
/* End PBXBuildFile section */

/* Begin PBXContainerItemProxy section */
		2198DC751C18FE100043E9E3 /* PBXContainerItemProxy */ = {
			isa = PBXContainerItemProxy;
			containerPortal = 2198DC551C18FE0F0043E9E3 /* Project object */;
			proxyType = 1;
			remoteGlobalIDString = 2198DC5C1C18FE0F0043E9E3;
			remoteInfo = JogaMaisUm;
		};
		2198DC801C18FE100043E9E3 /* PBXContainerItemProxy */ = {
			isa = PBXContainerItemProxy;
			containerPortal = 2198DC551C18FE0F0043E9E3 /* Project object */;
			proxyType = 1;
			remoteGlobalIDString = 2198DC5C1C18FE0F0043E9E3;
			remoteInfo = JogaMaisUm;
		};
/* End PBXContainerItemProxy section */

/* Begin PBXFileReference section */
		218F8F7E1C190C5400F6730B /* JMFutballViewController.swift */ = {isa = PBXFileReference; fileEncoding = 4; lastKnownFileType = sourcecode.swift; path = JMFutballViewController.swift; sourceTree = "<group>"; };
		218F8F801C190C9E00F6730B /* JMLabirinthViewController.swift */ = {isa = PBXFileReference; fileEncoding = 4; lastKnownFileType = sourcecode.swift; path = JMLabirinthViewController.swift; sourceTree = "<group>"; };
		218F8F821C190CB500F6730B /* JMDetectiveViewController.swift */ = {isa = PBXFileReference; fileEncoding = 4; lastKnownFileType = sourcecode.swift; path = JMDetectiveViewController.swift; sourceTree = "<group>"; };
		2198DC5D1C18FE0F0043E9E3 /* JogaMaisUm.app */ = {isa = PBXFileReference; explicitFileType = wrapper.application; includeInIndex = 0; path = JogaMaisUm.app; sourceTree = BUILT_PRODUCTS_DIR; };
		2198DC601C18FE0F0043E9E3 /* AppDelegate.swift */ = {isa = PBXFileReference; lastKnownFileType = sourcecode.swift; path = AppDelegate.swift; sourceTree = "<group>"; };
		2198DC621C18FE0F0043E9E3 /* ViewController.swift */ = {isa = PBXFileReference; lastKnownFileType = sourcecode.swift; path = ViewController.swift; sourceTree = "<group>"; };
		2198DC651C18FE0F0043E9E3 /* Base */ = {isa = PBXFileReference; lastKnownFileType = file.storyboard; name = Base; path = Base.lproj/Main.storyboard; sourceTree = "<group>"; };
		2198DC681C18FE0F0043E9E3 /* JogaMaisUm.xcdatamodel */ = {isa = PBXFileReference; lastKnownFileType = wrapper.xcdatamodel; path = JogaMaisUm.xcdatamodel; sourceTree = "<group>"; };
		2198DC6A1C18FE0F0043E9E3 /* Assets.xcassets */ = {isa = PBXFileReference; lastKnownFileType = folder.assetcatalog; path = Assets.xcassets; sourceTree = "<group>"; };
		2198DC6D1C18FE0F0043E9E3 /* Base */ = {isa = PBXFileReference; lastKnownFileType = file.storyboard; name = Base; path = Base.lproj/LaunchScreen.storyboard; sourceTree = "<group>"; };
		2198DC6F1C18FE0F0043E9E3 /* Info.plist */ = {isa = PBXFileReference; lastKnownFileType = text.plist.xml; path = Info.plist; sourceTree = "<group>"; };
		2198DC741C18FE100043E9E3 /* JogaMaisUmTests.xctest */ = {isa = PBXFileReference; explicitFileType = wrapper.cfbundle; includeInIndex = 0; path = JogaMaisUmTests.xctest; sourceTree = BUILT_PRODUCTS_DIR; };
		2198DC781C18FE100043E9E3 /* JogaMaisUmTests.swift */ = {isa = PBXFileReference; lastKnownFileType = sourcecode.swift; path = JogaMaisUmTests.swift; sourceTree = "<group>"; };
		2198DC7A1C18FE100043E9E3 /* Info.plist */ = {isa = PBXFileReference; lastKnownFileType = text.plist.xml; path = Info.plist; sourceTree = "<group>"; };
		2198DC7F1C18FE100043E9E3 /* JogaMaisUmUITests.xctest */ = {isa = PBXFileReference; explicitFileType = wrapper.cfbundle; includeInIndex = 0; path = JogaMaisUmUITests.xctest; sourceTree = BUILT_PRODUCTS_DIR; };
		2198DC831C18FE100043E9E3 /* JogaMaisUmUITests.swift */ = {isa = PBXFileReference; lastKnownFileType = sourcecode.swift; path = JogaMaisUmUITests.swift; sourceTree = "<group>"; };
		2198DC851C18FE100043E9E3 /* Info.plist */ = {isa = PBXFileReference; lastKnownFileType = text.plist.xml; path = Info.plist; sourceTree = "<group>"; };
/* End PBXFileReference section */

/* Begin PBXFrameworksBuildPhase section */
		2198DC5A1C18FE0F0043E9E3 /* Frameworks */ = {
			isa = PBXFrameworksBuildPhase;
			buildActionMask = 2147483647;
			files = (
			);
			runOnlyForDeploymentPostprocessing = 0;
		};
		2198DC711C18FE100043E9E3 /* Frameworks */ = {
			isa = PBXFrameworksBuildPhase;
			buildActionMask = 2147483647;
			files = (
			);
			runOnlyForDeploymentPostprocessing = 0;
		};
		2198DC7C1C18FE100043E9E3 /* Frameworks */ = {
			isa = PBXFrameworksBuildPhase;
			buildActionMask = 2147483647;
			files = (
			);
			runOnlyForDeploymentPostprocessing = 0;
		};
/* End PBXFrameworksBuildPhase section */

/* Begin PBXGroup section */
		218F8F7B1C190B9D00F6730B /* Detetive */ = {
			isa = PBXGroup;
			children = (
				218F8F821C190CB500F6730B /* JMDetectiveViewController.swift */,
			);
			path = Detetive;
			sourceTree = "<group>";
		};
		218F8F7C1C190BA000F6730B /* Labirinto */ = {
			isa = PBXGroup;
			children = (
				218F8F801C190C9E00F6730B /* JMLabirinthViewController.swift */,
			);
			path = Labirinto;
			sourceTree = "<group>";
		};
		218F8F7D1C190BA300F6730B /* Futebol */ = {
			isa = PBXGroup;
			children = (
				218F8F7E1C190C5400F6730B /* JMFutballViewController.swift */,
			);
			path = Futebol;
			sourceTree = "<group>";
		};
		2198DC541C18FE0F0043E9E3 = {
			isa = PBXGroup;
			children = (
				2198DC5F1C18FE0F0043E9E3 /* JogaMaisUm */,
				2198DC771C18FE100043E9E3 /* JogaMaisUmTests */,
				2198DC821C18FE100043E9E3 /* JogaMaisUmUITests */,
				2198DC5E1C18FE0F0043E9E3 /* Products */,
			);
			sourceTree = "<group>";
		};
		2198DC5E1C18FE0F0043E9E3 /* Products */ = {
			isa = PBXGroup;
			children = (
				2198DC5D1C18FE0F0043E9E3 /* JogaMaisUm.app */,
				2198DC741C18FE100043E9E3 /* JogaMaisUmTests.xctest */,
				2198DC7F1C18FE100043E9E3 /* JogaMaisUmUITests.xctest */,
			);
			name = Products;
			sourceTree = "<group>";
		};
		2198DC5F1C18FE0F0043E9E3 /* JogaMaisUm */ = {
			isa = PBXGroup;
			children = (
				218F8F7D1C190BA300F6730B /* Futebol */,
				218F8F7C1C190BA000F6730B /* Labirinto */,
				218F8F7B1C190B9D00F6730B /* Detetive */,
				2198DC601C18FE0F0043E9E3 /* AppDelegate.swift */,
				2198DC621C18FE0F0043E9E3 /* ViewController.swift */,
				2198DC641C18FE0F0043E9E3 /* Main.storyboard */,
				2198DC6A1C18FE0F0043E9E3 /* Assets.xcassets */,
				2198DC6C1C18FE0F0043E9E3 /* LaunchScreen.storyboard */,
				2198DC6F1C18FE0F0043E9E3 /* Info.plist */,
				2198DC671C18FE0F0043E9E3 /* JogaMaisUm.xcdatamodeld */,
			);
			path = JogaMaisUm;
			sourceTree = "<group>";
		};
		2198DC771C18FE100043E9E3 /* JogaMaisUmTests */ = {
			isa = PBXGroup;
			children = (
				2198DC781C18FE100043E9E3 /* JogaMaisUmTests.swift */,
				2198DC7A1C18FE100043E9E3 /* Info.plist */,
			);
			path = JogaMaisUmTests;
			sourceTree = "<group>";
		};
		2198DC821C18FE100043E9E3 /* JogaMaisUmUITests */ = {
			isa = PBXGroup;
			children = (
				2198DC831C18FE100043E9E3 /* JogaMaisUmUITests.swift */,
				2198DC851C18FE100043E9E3 /* Info.plist */,
			);
			path = JogaMaisUmUITests;
			sourceTree = "<group>";
		};
/* End PBXGroup section */

/* Begin PBXNativeTarget section */
		2198DC5C1C18FE0F0043E9E3 /* JogaMaisUm */ = {
			isa = PBXNativeTarget;
			buildConfigurationList = 2198DC881C18FE100043E9E3 /* Build configuration list for PBXNativeTarget "JogaMaisUm" */;
			buildPhases = (
				2198DC591C18FE0F0043E9E3 /* Sources */,
				2198DC5A1C18FE0F0043E9E3 /* Frameworks */,
				2198DC5B1C18FE0F0043E9E3 /* Resources */,
			);
			buildRules = (
			);
			dependencies = (
			);
			name = JogaMaisUm;
			productName = JogaMaisUm;
			productReference = 2198DC5D1C18FE0F0043E9E3 /* JogaMaisUm.app */;
			productType = "com.apple.product-type.application";
		};
		2198DC731C18FE100043E9E3 /* JogaMaisUmTests */ = {
			isa = PBXNativeTarget;
			buildConfigurationList = 2198DC8B1C18FE100043E9E3 /* Build configuration list for PBXNativeTarget "JogaMaisUmTests" */;
			buildPhases = (
				2198DC701C18FE100043E9E3 /* Sources */,
				2198DC711C18FE100043E9E3 /* Frameworks */,
				2198DC721C18FE100043E9E3 /* Resources */,
			);
			buildRules = (
			);
			dependencies = (
				2198DC761C18FE100043E9E3 /* PBXTargetDependency */,
			);
			name = JogaMaisUmTests;
			productName = JogaMaisUmTests;
			productReference = 2198DC741C18FE100043E9E3 /* JogaMaisUmTests.xctest */;
			productType = "com.apple.product-type.bundle.unit-test";
		};
		2198DC7E1C18FE100043E9E3 /* JogaMaisUmUITests */ = {
			isa = PBXNativeTarget;
			buildConfigurationList = 2198DC8E1C18FE100043E9E3 /* Build configuration list for PBXNativeTarget "JogaMaisUmUITests" */;
			buildPhases = (
				2198DC7B1C18FE100043E9E3 /* Sources */,
				2198DC7C1C18FE100043E9E3 /* Frameworks */,
				2198DC7D1C18FE100043E9E3 /* Resources */,
			);
			buildRules = (
			);
			dependencies = (
				2198DC811C18FE100043E9E3 /* PBXTargetDependency */,
			);
			name = JogaMaisUmUITests;
			productName = JogaMaisUmUITests;
			productReference = 2198DC7F1C18FE100043E9E3 /* JogaMaisUmUITests.xctest */;
			productType = "com.apple.product-type.bundle.ui-testing";
		};
/* End PBXNativeTarget section */

/* Begin PBXProject section */
		2198DC551C18FE0F0043E9E3 /* Project object */ = {
			isa = PBXProject;
			attributes = {
				LastSwiftUpdateCheck = 0710;
				LastUpgradeCheck = 0710;
				ORGANIZATIONNAME = Levare;
				TargetAttributes = {
					2198DC5C1C18FE0F0043E9E3 = {
						CreatedOnToolsVersion = 7.1.1;
						DevelopmentTeam = 5VZQT99B3Q;
					};
					2198DC731C18FE100043E9E3 = {
						CreatedOnToolsVersion = 7.1.1;
						TestTargetID = 2198DC5C1C18FE0F0043E9E3;
					};
					2198DC7E1C18FE100043E9E3 = {
						CreatedOnToolsVersion = 7.1.1;
						TestTargetID = 2198DC5C1C18FE0F0043E9E3;
					};
				};
			};
			buildConfigurationList = 2198DC581C18FE0F0043E9E3 /* Build configuration list for PBXProject "JogaMaisUm" */;
			compatibilityVersion = "Xcode 3.2";
			developmentRegion = English;
			hasScannedForEncodings = 0;
			knownRegions = (
				en,
				Base,
			);
			mainGroup = 2198DC541C18FE0F0043E9E3;
			productRefGroup = 2198DC5E1C18FE0F0043E9E3 /* Products */;
			projectDirPath = "";
			projectRoot = "";
			targets = (
				2198DC5C1C18FE0F0043E9E3 /* JogaMaisUm */,
				2198DC731C18FE100043E9E3 /* JogaMaisUmTests */,
				2198DC7E1C18FE100043E9E3 /* JogaMaisUmUITests */,
			);
		};
/* End PBXProject section */

/* Begin PBXResourcesBuildPhase section */
		2198DC5B1C18FE0F0043E9E3 /* Resources */ = {
			isa = PBXResourcesBuildPhase;
			buildActionMask = 2147483647;
			files = (
				2198DC6E1C18FE0F0043E9E3 /* LaunchScreen.storyboard in Resources */,
				2198DC6B1C18FE0F0043E9E3 /* Assets.xcassets in Resources */,
				2198DC661C18FE0F0043E9E3 /* Main.storyboard in Resources */,
			);
			runOnlyForDeploymentPostprocessing = 0;
		};
		2198DC721C18FE100043E9E3 /* Resources */ = {
			isa = PBXResourcesBuildPhase;
			buildActionMask = 2147483647;
			files = (
			);
			runOnlyForDeploymentPostprocessing = 0;
		};
		2198DC7D1C18FE100043E9E3 /* Resources */ = {
			isa = PBXResourcesBuildPhase;
			buildActionMask = 2147483647;
			files = (
			);
			runOnlyForDeploymentPostprocessing = 0;
		};
/* End PBXResourcesBuildPhase section */

/* Begin PBXSourcesBuildPhase section */
		2198DC591C18FE0F0043E9E3 /* Sources */ = {
			isa = PBXSourcesBuildPhase;
			buildActionMask = 2147483647;
			files = (
				218F8F7F1C190C5400F6730B /* JMFutballViewController.swift in Sources */,
				218F8F811C190C9E00F6730B /* JMLabirinthViewController.swift in Sources */,
				2198DC691C18FE0F0043E9E3 /* JogaMaisUm.xcdatamodeld in Sources */,
				218F8F831C190CB500F6730B /* JMDetectiveViewController.swift in Sources */,
				2198DC631C18FE0F0043E9E3 /* ViewController.swift in Sources */,
				2198DC611C18FE0F0043E9E3 /* AppDelegate.swift in Sources */,
			);
			runOnlyForDeploymentPostprocessing = 0;
		};
		2198DC701C18FE100043E9E3 /* Sources */ = {
			isa = PBXSourcesBuildPhase;
			buildActionMask = 2147483647;
			files = (
				2198DC791C18FE100043E9E3 /* JogaMaisUmTests.swift in Sources */,
			);
			runOnlyForDeploymentPostprocessing = 0;
		};
		2198DC7B1C18FE100043E9E3 /* Sources */ = {
			isa = PBXSourcesBuildPhase;
			buildActionMask = 2147483647;
			files = (
				2198DC841C18FE100043E9E3 /* JogaMaisUmUITests.swift in Sources */,
			);
			runOnlyForDeploymentPostprocessing = 0;
		};
/* End PBXSourcesBuildPhase section */

/* Begin PBXTargetDependency section */
		2198DC761C18FE100043E9E3 /* PBXTargetDependency */ = {
			isa = PBXTargetDependency;
			target = 2198DC5C1C18FE0F0043E9E3 /* JogaMaisUm */;
			targetProxy = 2198DC751C18FE100043E9E3 /* PBXContainerItemProxy */;
		};
		2198DC811C18FE100043E9E3 /* PBXTargetDependency */ = {
			isa = PBXTargetDependency;
			target = 2198DC5C1C18FE0F0043E9E3 /* JogaMaisUm */;
			targetProxy = 2198DC801C18FE100043E9E3 /* PBXContainerItemProxy */;
		};
/* End PBXTargetDependency section */

/* Begin PBXVariantGroup section */
		2198DC641C18FE0F0043E9E3 /* Main.storyboard */ = {
			isa = PBXVariantGroup;
			children = (
				2198DC651C18FE0F0043E9E3 /* Base */,
			);
			name = Main.storyboard;
			sourceTree = "<group>";
		};
		2198DC6C1C18FE0F0043E9E3 /* LaunchScreen.storyboard */ = {
			isa = PBXVariantGroup;
			children = (
				2198DC6D1C18FE0F0043E9E3 /* Base */,
			);
			name = LaunchScreen.storyboard;
			sourceTree = "<group>";
		};
/* End PBXVariantGroup section */

/* Begin XCBuildConfiguration section */
		2198DC861C18FE100043E9E3 /* Debug */ = {
			isa = XCBuildConfiguration;
			buildSettings = {
				ALWAYS_SEARCH_USER_PATHS = NO;
				CLANG_CXX_LANGUAGE_STANDARD = "gnu++0x";
				CLANG_CXX_LIBRARY = "libc++";
				CLANG_ENABLE_MODULES = YES;
				CLANG_ENABLE_OBJC_ARC = YES;
				CLANG_WARN_BOOL_CONVERSION = YES;
				CLANG_WARN_CONSTANT_CONVERSION = YES;
				CLANG_WARN_DIRECT_OBJC_ISA_USAGE = YES_ERROR;
				CLANG_WARN_EMPTY_BODY = YES;
				CLANG_WARN_ENUM_CONVERSION = YES;
				CLANG_WARN_INT_CONVERSION = YES;
				CLANG_WARN_OBJC_ROOT_CLASS = YES_ERROR;
				CLANG_WARN_UNREACHABLE_CODE = YES;
				CLANG_WARN__DUPLICATE_METHOD_MATCH = YES;
				"CODE_SIGN_IDENTITY[sdk=iphoneos*]" = "iPhone Developer";
				COPY_PHASE_STRIP = NO;
				DEBUG_INFORMATION_FORMAT = dwarf;
				ENABLE_STRICT_OBJC_MSGSEND = YES;
				ENABLE_TESTABILITY = YES;
				GCC_C_LANGUAGE_STANDARD = gnu99;
				GCC_DYNAMIC_NO_PIC = NO;
				GCC_NO_COMMON_BLOCKS = YES;
				GCC_OPTIMIZATION_LEVEL = 0;
				GCC_PREPROCESSOR_DEFINITIONS = (
					"DEBUG=1",
					"$(inherited)",
				);
				GCC_WARN_64_TO_32_BIT_CONVERSION = YES;
				GCC_WARN_ABOUT_RETURN_TYPE = YES_ERROR;
				GCC_WARN_UNDECLARED_SELECTOR = YES;
				GCC_WARN_UNINITIALIZED_AUTOS = YES_AGGRESSIVE;
				GCC_WARN_UNUSED_FUNCTION = YES;
				GCC_WARN_UNUSED_VARIABLE = YES;
				IPHONEOS_DEPLOYMENT_TARGET = 9.1;
				MTL_ENABLE_DEBUG_INFO = YES;
				ONLY_ACTIVE_ARCH = YES;
				SDKROOT = iphoneos;
				SWIFT_OPTIMIZATION_LEVEL = "-Onone";
				TARGETED_DEVICE_FAMILY = 2;
			};
			name = Debug;
		};
		2198DC871C18FE100043E9E3 /* Release */ = {
			isa = XCBuildConfiguration;
			buildSettings = {
				ALWAYS_SEARCH_USER_PATHS = NO;
				CLANG_CXX_LANGUAGE_STANDARD = "gnu++0x";
				CLANG_CXX_LIBRARY = "libc++";
				CLANG_ENABLE_MODULES = YES;
				CLANG_ENABLE_OBJC_ARC = YES;
				CLANG_WARN_BOOL_CONVERSION = YES;
				CLANG_WARN_CONSTANT_CONVERSION = YES;
				CLANG_WARN_DIRECT_OBJC_ISA_USAGE = YES_ERROR;
				CLANG_WARN_EMPTY_BODY = YES;
				CLANG_WARN_ENUM_CONVERSION = YES;
				CLANG_WARN_INT_CONVERSION = YES;
				CLANG_WARN_OBJC_ROOT_CLASS = YES_ERROR;
				CLANG_WARN_UNREACHABLE_CODE = YES;
				CLANG_WARN__DUPLICATE_METHOD_MATCH = YES;
				"CODE_SIGN_IDENTITY[sdk=iphoneos*]" = "iPhone Developer";
				COPY_PHASE_STRIP = NO;
				DEBUG_INFORMATION_FORMAT = "dwarf-with-dsym";
				ENABLE_NS_ASSERTIONS = NO;
				ENABLE_STRICT_OBJC_MSGSEND = YES;
				GCC_C_LANGUAGE_STANDARD = gnu99;
				GCC_NO_COMMON_BLOCKS = YES;
				GCC_WARN_64_TO_32_BIT_CONVERSION = YES;
				GCC_WARN_ABOUT_RETURN_TYPE = YES_ERROR;
				GCC_WARN_UNDECLARED_SELECTOR = YES;
				GCC_WARN_UNINITIALIZED_AUTOS = YES_AGGRESSIVE;
				GCC_WARN_UNUSED_FUNCTION = YES;
				GCC_WARN_UNUSED_VARIABLE = YES;
				IPHONEOS_DEPLOYMENT_TARGET = 9.1;
				MTL_ENABLE_DEBUG_INFO = NO;
				SDKROOT = iphoneos;
				TARGETED_DEVICE_FAMILY = 2;
				VALIDATE_PRODUCT = YES;
			};
			name = Release;
		};
		2198DC891C18FE100043E9E3 /* Debug */ = {
			isa = XCBuildConfiguration;
			buildSettings = {
				ASSETCATALOG_COMPILER_APPICON_NAME = AppIcon;
				CODE_SIGN_IDENTITY = "iPhone Developer";
				"CODE_SIGN_IDENTITY[sdk=iphoneos*]" = "iPhone Developer";
				INFOPLIST_FILE = JogaMaisUm/Info.plist;
				IPHONEOS_DEPLOYMENT_TARGET = 8.0;
				LD_RUNPATH_SEARCH_PATHS = "$(inherited) @executable_path/Frameworks";
				PRODUCT_BUNDLE_IDENTIFIER = com.levare.JogaMaisUm;
				PRODUCT_NAME = "$(TARGET_NAME)";
				PROVISIONING_PROFILE = "";
			};
			name = Debug;
		};
		2198DC8A1C18FE100043E9E3 /* Release */ = {
			isa = XCBuildConfiguration;
			buildSettings = {
				ASSETCATALOG_COMPILER_APPICON_NAME = AppIcon;
				CODE_SIGN_IDENTITY = "iPhone Developer";
				"CODE_SIGN_IDENTITY[sdk=iphoneos*]" = "iPhone Developer";
				INFOPLIST_FILE = JogaMaisUm/Info.plist;
				IPHONEOS_DEPLOYMENT_TARGET = 8.0;
				LD_RUNPATH_SEARCH_PATHS = "$(inherited) @executable_path/Frameworks";
				PRODUCT_BUNDLE_IDENTIFIER = com.levare.JogaMaisUm;
				PRODUCT_NAME = "$(TARGET_NAME)";
				PROVISIONING_PROFILE = "";
			};
			name = Release;
		};
		2198DC8C1C18FE100043E9E3 /* Debug */ = {
			isa = XCBuildConfiguration;
			buildSettings = {
				BUNDLE_LOADER = "$(TEST_HOST)";
				INFOPLIST_FILE = JogaMaisUmTests/Info.plist;
				LD_RUNPATH_SEARCH_PATHS = "$(inherited) @executable_path/Frameworks @loader_path/Frameworks";
				PRODUCT_BUNDLE_IDENTIFIER = com.levare.JogaMaisUmTests;
				PRODUCT_NAME = "$(TARGET_NAME)";
				TEST_HOST = "$(BUILT_PRODUCTS_DIR)/JogaMaisUm.app/JogaMaisUm";
			};
			name = Debug;
		};
		2198DC8D1C18FE100043E9E3 /* Release */ = {
			isa = XCBuildConfiguration;
			buildSettings = {
				BUNDLE_LOADER = "$(TEST_HOST)";
				INFOPLIST_FILE = JogaMaisUmTests/Info.plist;
				LD_RUNPATH_SEARCH_PATHS = "$(inherited) @executable_path/Frameworks @loader_path/Frameworks";
				PRODUCT_BUNDLE_IDENTIFIER = com.levare.JogaMaisUmTests;
				PRODUCT_NAME = "$(TARGET_NAME)";
				TEST_HOST = "$(BUILT_PRODUCTS_DIR)/JogaMaisUm.app/JogaMaisUm";
			};
			name = Release;
		};
		2198DC8F1C18FE100043E9E3 /* Debug */ = {
			isa = XCBuildConfiguration;
			buildSettings = {
				INFOPLIST_FILE = JogaMaisUmUITests/Info.plist;
				LD_RUNPATH_SEARCH_PATHS = "$(inherited) @executable_path/Frameworks @loader_path/Frameworks";
				PRODUCT_BUNDLE_IDENTIFIER = com.levare.JogaMaisUmUITests;
				PRODUCT_NAME = "$(TARGET_NAME)";
				TEST_TARGET_NAME = JogaMaisUm;
				USES_XCTRUNNER = YES;
			};
			name = Debug;
		};
		2198DC901C18FE100043E9E3 /* Release */ = {
			isa = XCBuildConfiguration;
			buildSettings = {
				INFOPLIST_FILE = JogaMaisUmUITests/Info.plist;
				LD_RUNPATH_SEARCH_PATHS = "$(inherited) @executable_path/Frameworks @loader_path/Frameworks";
				PRODUCT_BUNDLE_IDENTIFIER = com.levare.JogaMaisUmUITests;
				PRODUCT_NAME = "$(TARGET_NAME)";
				TEST_TARGET_NAME = JogaMaisUm;
				USES_XCTRUNNER = YES;
			};
			name = Release;
		};
/* End XCBuildConfiguration section */

/* Begin XCConfigurationList section */
		2198DC581C18FE0F0043E9E3 /* Build configuration list for PBXProject "JogaMaisUm" */ = {
			isa = XCConfigurationList;
			buildConfigurations = (
				2198DC861C18FE100043E9E3 /* Debug */,
				2198DC871C18FE100043E9E3 /* Release */,
			);
			defaultConfigurationIsVisible = 0;
			defaultConfigurationName = Release;
		};
		2198DC881C18FE100043E9E3 /* Build configuration list for PBXNativeTarget "JogaMaisUm" */ = {
			isa = XCConfigurationList;
			buildConfigurations = (
				2198DC891C18FE100043E9E3 /* Debug */,
				2198DC8A1C18FE100043E9E3 /* Release */,
			);
			defaultConfigurationIsVisible = 0;
			defaultConfigurationName = Release;
		};
		2198DC8B1C18FE100043E9E3 /* Build configuration list for PBXNativeTarget "JogaMaisUmTests" */ = {
			isa = XCConfigurationList;
			buildConfigurations = (
				2198DC8C1C18FE100043E9E3 /* Debug */,
				2198DC8D1C18FE100043E9E3 /* Release */,
			);
			defaultConfigurationIsVisible = 0;
			defaultConfigurationName = Release;
		};
		2198DC8E1C18FE100043E9E3 /* Build configuration list for PBXNativeTarget "JogaMaisUmUITests" */ = {
			isa = XCConfigurationList;
			buildConfigurations = (
				2198DC8F1C18FE100043E9E3 /* Debug */,
				2198DC901C18FE100043E9E3 /* Release */,
			);
			defaultConfigurationIsVisible = 0;
			defaultConfigurationName = Release;
		};
/* End XCConfigurationList section */

/* Begin XCVersionGroup section */
		2198DC671C18FE0F0043E9E3 /* JogaMaisUm.xcdatamodeld */ = {
			isa = XCVersionGroup;
			children = (
				2198DC681C18FE0F0043E9E3 /* JogaMaisUm.xcdatamodel */,
			);
			currentVersion = 2198DC681C18FE0F0043E9E3 /* JogaMaisUm.xcdatamodel */;
			path = JogaMaisUm.xcdatamodeld;
			sourceTree = "<group>";
			versionGroupType = wrapper.xcdatamodel;
		};
/* End XCVersionGroup section */
	};
	rootObject = 2198DC551C18FE0F0043E9E3 /* Project object */;
}
